
Microsoft Visual Studio Solution File, Format Version 12.00
# Visual Studio Version 17
VisualStudioVersion = 17.13.35931.197 d17.13
MinimumVisualStudioVersion = 10.0.40219.1
Project("{FAE04EC0-301F-11D3-BF4B-00C04F79EFBC}") = "SmartEnterprise.API.Gateway", "SmartEnterprise.API.Gateway\SmartEnterprise.API.Gateway.csproj", "{84E11E01-6B9A-4821-9509-068564DFDC11}"
EndProject
Project("{FAE04EC0-301F-11D3-BF4B-00C04F79EFBC}") = "SmartEnterprise.IdentityService", "SmartEnterprise.IdentityService\SmartEnterprise.IdentityService.csproj", "{80980DC7-7264-442F-82F1-262BDC263793}"
EndProject
Project("{FAE04EC0-301F-11D3-BF4B-00C04F79EFBC}") = "SmartEnterprise.Shared", "SmartEnterprise.Shared\SmartEnterprise.Shared.csproj", "{8AF6092D-0788-426E-963A-6F981764B252}"
EndProject
Global
	GlobalSection(SolutionConfigurationPlatforms) = preSolution
		Debug|Any CPU = Debug|Any CPU
		Release|Any CPU = Release|Any CPU
	EndGlobalSection
	GlobalSection(ProjectConfigurationPlatforms) = postSolution
		{84E11E01-6B9A-4821-9509-068564DFDC11}.Debug|Any CPU.ActiveCfg = Debug|Any CPU
		{84E11E01-6B9A-4821-9509-068564DFDC11}.Debug|Any CPU.Build.0 = Debug|Any CPU
		{84E11E01-6B9A-4821-9509-068564DFDC11}.Release|Any CPU.ActiveCfg = Release|Any CPU
		{84E11E01-6B9A-4821-9509-068564DFDC11}.Release|Any CPU.Build.0 = Release|Any CPU
		{80980DC7-7264-442F-82F1-262BDC263793}.Debug|Any CPU.ActiveCfg = Debug|Any CPU
		{80980DC7-7264-442F-82F1-262BDC263793}.Debug|Any CPU.Build.0 = Debug|Any CPU
		{80980DC7-7264-442F-82F1-262BDC263793}.Release|Any CPU.ActiveCfg = Release|Any CPU
		{80980DC7-7264-442F-82F1-262BDC263793}.Release|Any CPU.Build.0 = Release|Any CPU
		{8AF6092D-0788-426E-963A-6F981764B252}.Debug|Any CPU.ActiveCfg = Debug|Any CPU
		{8AF6092D-0788-426E-963A-6F981764B252}.Debug|Any CPU.Build.0 = Debug|Any CPU
		{8AF6092D-0788-426E-963A-6F981764B252}.Release|Any CPU.ActiveCfg = Release|Any CPU
		{8AF6092D-0788-426E-963A-6F981764B252}.Release|Any CPU.Build.0 = Release|Any CPU
	EndGlobalSection
	GlobalSection(SolutionProperties) = preSolution
		HideSolutionNode = FALSE
	EndGlobalSection
	GlobalSection(ExtensibilityGlobals) = postSolution
		SolutionGuid = {3862DBAB-A85E-41F4-8B69-50E57D157C06}
	EndGlobalSection
EndGlobal
