
Microsoft Visual Studio Solution File, Format Version 12.00
# Visual Studio Version 17
VisualStudioVersion = 17.13.35931.197
MinimumVisualStudioVersion = 10.0.40219.1
Project("{FAE04EC0-301F-11D3-BF4B-00C04F79EFBC}") = "SmartEnterprise.API.Gateway", "SmartEnterprise.API.Gateway\SmartEnterprise.API.Gateway.csproj", "{84E11E01-6B9A-4821-9509-068564DFDC11}"
EndProject
Project("{FAE04EC0-301F-11D3-BF4B-00C04F79EFBC}") = "SmartEnterprise.IdentityService", "SmartEnterprise.IdentityService\SmartEnterprise.IdentityService.csproj", "{80980DC7-7264-442F-82F1-262BDC263793}"
EndProject
Project("{FAE04EC0-301F-11D3-BF4B-00C04F79EFBC}") = "SmartEnterprise.Shared", "SmartEnterprise.Shared\SmartEnterprise.Shared.csproj", "{8AF6092D-0788-426E-963A-6F981764B252}"
EndProject
Project("{FAE04EC0-301F-11D3-BF4B-00C04F79EFBC}") = "SmartEnterprise.NotificationService", "SmartEnterprise.NotificationService\SmartEnterprise.NotificationService.csproj", "{65371FE5-0FFC-4F7B-B86F-411D9EA5AA7D}"
EndProject
Project("{FAE04EC0-301F-11D3-BF4B-00C04F79EFBC}") = "SmartEnterprise.HRService", "SmartEnterprise.HRService\SmartEnterprise.HRService.csproj", "{F756DD4B-575E-42D9-8793-46C35B63E70A}"
EndProject
Project("{FAE04EC0-301F-11D3-BF4B-00C04F79EFBC}") = "SmartEnterprise.FinanceService", "SmartEnterprise.FinanceService\SmartEnterprise.FinanceService.csproj", "{984E612A-A883-4795-8C05-58BD327FDF15}"
EndProject
Project("{FAE04EC0-301F-11D3-BF4B-00C04F79EFBC}") = "SmartEnterprise.CRMService", "SmartEnterprise.CRMService\SmartEnterprise.CRMService.csproj", "{D6D3FE8F-D9A2-4B68-9F92-1BC1029456F5}"
EndProject
Global
	GlobalSection(SolutionConfigurationPlatforms) = preSolution
		Debug|Any CPU = Debug|Any CPU
		Release|Any CPU = Release|Any CPU
	EndGlobalSection
	GlobalSection(ProjectConfigurationPlatforms) = postSolution
		{84E11E01-6B9A-4821-9509-068564DFDC11}.Debug|Any CPU.ActiveCfg = Debug|Any CPU
		{84E11E01-6B9A-4821-9509-068564DFDC11}.Debug|Any CPU.Build.0 = Debug|Any CPU
		{84E11E01-6B9A-4821-9509-068564DFDC11}.Release|Any CPU.ActiveCfg = Release|Any CPU
		{84E11E01-6B9A-4821-9509-068564DFDC11}.Release|Any CPU.Build.0 = Release|Any CPU
		{80980DC7-7264-442F-82F1-262BDC263793}.Debug|Any CPU.ActiveCfg = Debug|Any CPU
		{80980DC7-7264-442F-82F1-262BDC263793}.Debug|Any CPU.Build.0 = Debug|Any CPU
		{80980DC7-7264-442F-82F1-262BDC263793}.Release|Any CPU.ActiveCfg = Release|Any CPU
		{80980DC7-7264-442F-82F1-262BDC263793}.Release|Any CPU.Build.0 = Release|Any CPU
		{8AF6092D-0788-426E-963A-6F981764B252}.Debug|Any CPU.ActiveCfg = Debug|Any CPU
		{8AF6092D-0788-426E-963A-6F981764B252}.Debug|Any CPU.Build.0 = Debug|Any CPU
		{8AF6092D-0788-426E-963A-6F981764B252}.Release|Any CPU.ActiveCfg = Release|Any CPU
		{8AF6092D-0788-426E-963A-6F981764B252}.Release|Any CPU.Build.0 = Release|Any CPU
		{65371FE5-0FFC-4F7B-B86F-411D9EA5AA7D}.Debug|Any CPU.ActiveCfg = Debug|Any CPU
		{65371FE5-0FFC-4F7B-B86F-411D9EA5AA7D}.Debug|Any CPU.Build.0 = Debug|Any CPU
		{65371FE5-0FFC-4F7B-B86F-411D9EA5AA7D}.Release|Any CPU.ActiveCfg = Release|Any CPU
		{65371FE5-0FFC-4F7B-B86F-411D9EA5AA7D}.Release|Any CPU.Build.0 = Release|Any CPU
		{F756DD4B-575E-42D9-8793-46C35B63E70A}.Debug|Any CPU.ActiveCfg = Debug|Any CPU
		{F756DD4B-575E-42D9-8793-46C35B63E70A}.Debug|Any CPU.Build.0 = Debug|Any CPU
		{F756DD4B-575E-42D9-8793-46C35B63E70A}.Release|Any CPU.ActiveCfg = Release|Any CPU
		{F756DD4B-575E-42D9-8793-46C35B63E70A}.Release|Any CPU.Build.0 = Release|Any CPU
		{984E612A-A883-4795-8C05-58BD327FDF15}.Debug|Any CPU.ActiveCfg = Debug|Any CPU
		{984E612A-A883-4795-8C05-58BD327FDF15}.Debug|Any CPU.Build.0 = Debug|Any CPU
		{984E612A-A883-4795-8C05-58BD327FDF15}.Release|Any CPU.ActiveCfg = Release|Any CPU
		{984E612A-A883-4795-8C05-58BD327FDF15}.Release|Any CPU.Build.0 = Release|Any CPU
		{D6D3FE8F-D9A2-4B68-9F92-1BC1029456F5}.Debug|Any CPU.ActiveCfg = Debug|Any CPU
		{D6D3FE8F-D9A2-4B68-9F92-1BC1029456F5}.Debug|Any CPU.Build.0 = Debug|Any CPU
		{D6D3FE8F-D9A2-4B68-9F92-1BC1029456F5}.Release|Any CPU.ActiveCfg = Release|Any CPU
		{D6D3FE8F-D9A2-4B68-9F92-1BC1029456F5}.Release|Any CPU.Build.0 = Release|Any CPU
	EndGlobalSection
	GlobalSection(SolutionProperties) = preSolution
		HideSolutionNode = FALSE
	EndGlobalSection
	GlobalSection(ExtensibilityGlobals) = postSolution
		SolutionGuid = {3862DBAB-A85E-41F4-8B69-50E57D157C06}
	EndGlobalSection
EndGlobal
